// !$*UTF8*$!
{
	archiveVersion = 1;
	classes = {
	};
	objectVersion = 55;
	objects = {

/* Begin PBXBuildFile section */
		042A01CC2816B5BD008E508E /* Protocol.swift in Sources */ = {isa = PBXBuildFile; fileRef = 042A01CB2816B5BD008E508E /* Protocol.swift */; };
		042A01CE2816B61F008E508E /* AppCoordinator.swift in Sources */ = {isa = PBXBuildFile; fileRef = 042A01CD2816B61F008E508E /* AppCoordinator.swift */; };
		042A01D02816C260008E508E /* MainScreenCoordinator.swift in Sources */ = {isa = PBXBuildFile; fileRef = 042A01CF2816C260008E508E /* MainScreenCoordinator.swift */; };
		042E9E58280C1EC900116ABE /* AppDelegate.swift in Sources */ = {isa = PBXBuildFile; fileRef = 042E9E57280C1EC900116ABE /* AppDelegate.swift */; };
		042E9E5A280C1EC900116ABE /* SceneDelegate.swift in Sources */ = {isa = PBXBuildFile; fileRef = 042E9E59280C1EC900116ABE /* SceneDelegate.swift */; };
		042E9E5C280C1EC900116ABE /* MainScreenViewController.swift in Sources */ = {isa = PBXBuildFile; fileRef = 042E9E5B280C1EC900116ABE /* MainScreenViewController.swift */; };
		042E9E61280C1ECA00116ABE /* Assets.xcassets in Resources */ = {isa = PBXBuildFile; fileRef = 042E9E60280C1ECA00116ABE /* Assets.xcassets */; };
		042E9E64280C1ECA00116ABE /* LaunchScreen.storyboard in Resources */ = {isa = PBXBuildFile; fileRef = 042E9E62280C1ECA00116ABE /* LaunchScreen.storyboard */; };
		043F7AAF280F2AB7007353E2 /* MainScreenView.swift in Sources */ = {isa = PBXBuildFile; fileRef = 043F7AAE280F2AB7007353E2 /* MainScreenView.swift */; };
		043F7AB2280F2AD8007353E2 /* Model.swift in Sources */ = {isa = PBXBuildFile; fileRef = 043F7AB1280F2AD8007353E2 /* Model.swift */; };
		0440D29C2819807A005A7E26 /* ScreenRegistrationCoordinator.swift in Sources */ = {isa = PBXBuildFile; fileRef = 0440D29B2819807A005A7E26 /* ScreenRegistrationCoordinator.swift */; };
		0440D29E28198090005A7E26 /* ScreenRegistrationViewController.swift in Sources */ = {isa = PBXBuildFile; fileRef = 0440D29D28198090005A7E26 /* ScreenRegistrationViewController.swift */; };
		0440D2A1281980F0005A7E26 /* ScreenRegistrationView.swift in Sources */ = {isa = PBXBuildFile; fileRef = 0440D2A0281980F0005A7E26 /* ScreenRegistrationView.swift */; };
		04823D23281D66B400D7998C /* ScreenLogInCoordinator.swift in Sources */ = {isa = PBXBuildFile; fileRef = 04823D22281D66B400D7998C /* ScreenLogInCoordinator.swift */; };
		04823D25281D66CC00D7998C /* ScreenLogInViewController.swift in Sources */ = {isa = PBXBuildFile; fileRef = 04823D24281D66CC00D7998C /* ScreenLogInViewController.swift */; };
/* End PBXBuildFile section */

/* Begin PBXFileReference section */
		042A01CB2816B5BD008E508E /* Protocol.swift */ = {isa = PBXFileReference; lastKnownFileType = sourcecode.swift; path = Protocol.swift; sourceTree = "<group>"; };
		042A01CD2816B61F008E508E /* AppCoordinator.swift */ = {isa = PBXFileReference; lastKnownFileType = sourcecode.swift; path = AppCoordinator.swift; sourceTree = "<group>"; };
		042A01CF2816C260008E508E /* MainScreenCoordinator.swift */ = {isa = PBXFileReference; lastKnownFileType = sourcecode.swift; path = MainScreenCoordinator.swift; sourceTree = "<group>"; };
		042E9E54280C1EC900116ABE /* Hardening.app */ = {isa = PBXFileReference; explicitFileType = wrapper.application; includeInIndex = 0; path = Hardening.app; sourceTree = BUILT_PRODUCTS_DIR; };
		042E9E57280C1EC900116ABE /* AppDelegate.swift */ = {isa = PBXFileReference; lastKnownFileType = sourcecode.swift; path = AppDelegate.swift; sourceTree = "<group>"; };
		042E9E59280C1EC900116ABE /* SceneDelegate.swift */ = {isa = PBXFileReference; lastKnownFileType = sourcecode.swift; path = SceneDelegate.swift; sourceTree = "<group>"; };
		042E9E5B280C1EC900116ABE /* MainScreenViewController.swift */ = {isa = PBXFileReference; lastKnownFileType = sourcecode.swift; path = MainScreenViewController.swift; sourceTree = "<group>"; };
		042E9E60280C1ECA00116ABE /* Assets.xcassets */ = {isa = PBXFileReference; lastKnownFileType = folder.assetcatalog; path = Assets.xcassets; sourceTree = "<group>"; };
		042E9E63280C1ECA00116ABE /* Base */ = {isa = PBXFileReference; lastKnownFileType = file.storyboard; name = Base; path = Base.lproj/LaunchScreen.storyboard; sourceTree = "<group>"; };
		042E9E65280C1ECA00116ABE /* Info.plist */ = {isa = PBXFileReference; lastKnownFileType = text.plist.xml; path = Info.plist; sourceTree = "<group>"; };
		043F7AAE280F2AB7007353E2 /* MainScreenView.swift */ = {isa = PBXFileReference; lastKnownFileType = sourcecode.swift; path = MainScreenView.swift; sourceTree = "<group>"; };
		043F7AB1280F2AD8007353E2 /* Model.swift */ = {isa = PBXFileReference; lastKnownFileType = sourcecode.swift; path = Model.swift; sourceTree = "<group>"; };
		0440D29B2819807A005A7E26 /* ScreenRegistrationCoordinator.swift */ = {isa = PBXFileReference; lastKnownFileType = sourcecode.swift; path = ScreenRegistrationCoordinator.swift; sourceTree = "<group>"; };
		0440D29D28198090005A7E26 /* ScreenRegistrationViewController.swift */ = {isa = PBXFileReference; lastKnownFileType = sourcecode.swift; path = ScreenRegistrationViewController.swift; sourceTree = "<group>"; };
		0440D2A0281980F0005A7E26 /* ScreenRegistrationView.swift */ = {isa = PBXFileReference; lastKnownFileType = sourcecode.swift; path = ScreenRegistrationView.swift; sourceTree = "<group>"; };
		04823D22281D66B400D7998C /* ScreenLogInCoordinator.swift */ = {isa = PBXFileReference; lastKnownFileType = sourcecode.swift; path = ScreenLogInCoordinator.swift; sourceTree = "<group>"; };
		04823D24281D66CC00D7998C /* ScreenLogInViewController.swift */ = {isa = PBXFileReference; lastKnownFileType = sourcecode.swift; path = ScreenLogInViewController.swift; sourceTree = "<group>"; };
/* End PBXFileReference section */

/* Begin PBXFrameworksBuildPhase section */
		042E9E51280C1EC900116ABE /* Frameworks */ = {
			isa = PBXFrameworksBuildPhase;
			buildActionMask = 2147483647;
			files = (
			);
			runOnlyForDeploymentPostprocessing = 0;
		};
/* End PBXFrameworksBuildPhase section */

/* Begin PBXGroup section */
		042A01C92816B596008E508E /* Coordinator */ = {
			isa = PBXGroup;
			children = (
				042A01CA2816B5A1008E508E /* Protocol */,
				042A01CD2816B61F008E508E /* AppCoordinator.swift */,
			);
			path = Coordinator;
			sourceTree = "<group>";
		};
		042A01CA2816B5A1008E508E /* Protocol */ = {
			isa = PBXGroup;
			children = (
				042A01CB2816B5BD008E508E /* Protocol.swift */,
			);
			path = Protocol;
			sourceTree = "<group>";
		};
		042A01D12816D06F008E508E /* MainScreenController */ = {
			isa = PBXGroup;
			children = (
				042A01CF2816C260008E508E /* MainScreenCoordinator.swift */,
				042E9E5B280C1EC900116ABE /* MainScreenViewController.swift */,
			);
			path = MainScreenController;
			sourceTree = "<group>";
		};
		042A01D22816D085008E508E /* MainScreenView */ = {
			isa = PBXGroup;
			children = (
				043F7AAE280F2AB7007353E2 /* MainScreenView.swift */,
			);
			path = MainScreenView;
			sourceTree = "<group>";
		};
		042E9E4B280C1EC900116ABE = {
			isa = PBXGroup;
			children = (
				042E9E56280C1EC900116ABE /* Hardening */,
				042E9E55280C1EC900116ABE /* Products */,
			);
			sourceTree = "<group>";
		};
		042E9E55280C1EC900116ABE /* Products */ = {
			isa = PBXGroup;
			children = (
				042E9E54280C1EC900116ABE /* Hardening.app */,
			);
			name = Products;
			sourceTree = "<group>";
		};
		042E9E56280C1EC900116ABE /* Hardening */ = {
			isa = PBXGroup;
			children = (
				042A01C92816B596008E508E /* Coordinator */,
				042E9E6B280C2FDB00116ABE /* App */,
				043F7AB0280F2ABF007353E2 /* Model */,
				043F7AAD280F2AA3007353E2 /* Controller */,
				043F7AAC280F2A9B007353E2 /* View */,
				042E9E60280C1ECA00116ABE /* Assets.xcassets */,
				042E9E62280C1ECA00116ABE /* LaunchScreen.storyboard */,
				042E9E65280C1ECA00116ABE /* Info.plist */,
			);
			path = Hardening;
			sourceTree = "<group>";
		};
		042E9E6B280C2FDB00116ABE /* App */ = {
			isa = PBXGroup;
			children = (
				042E9E57280C1EC900116ABE /* AppDelegate.swift */,
				042E9E59280C1EC900116ABE /* SceneDelegate.swift */,
			);
			path = App;
			sourceTree = "<group>";
		};
		043F7AAC280F2A9B007353E2 /* View */ = {
			isa = PBXGroup;
			children = (
				042A01D22816D085008E508E /* MainScreenView */,
				0440D29F2819809A005A7E26 /* ScreenRegistrationView */,
			);
			path = View;
			sourceTree = "<group>";
		};
		043F7AAD280F2AA3007353E2 /* Controller */ = {
			isa = PBXGroup;
			children = (
				042A01D12816D06F008E508E /* MainScreenController */,
				0440D29A28198029005A7E26 /* ScreenRegistrationController */,
				04823D21281D666A00D7998C /* ScreenLogIn */,
			);
			path = Controller;
			sourceTree = "<group>";
		};
		043F7AB0280F2ABF007353E2 /* Model */ = {
			isa = PBXGroup;
			children = (
				043F7AB1280F2AD8007353E2 /* Model.swift */,
			);
			path = Model;
			sourceTree = "<group>";
		};
		0440D29A28198029005A7E26 /* ScreenRegistrationController */ = {
			isa = PBXGroup;
			children = (
				0440D29B2819807A005A7E26 /* ScreenRegistrationCoordinator.swift */,
				0440D29D28198090005A7E26 /* ScreenRegistrationViewController.swift */,
			);
			path = ScreenRegistrationController;
			sourceTree = "<group>";
		};
		0440D29F2819809A005A7E26 /* ScreenRegistrationView */ = {
			isa = PBXGroup;
			children = (
				0440D2A0281980F0005A7E26 /* ScreenRegistrationView.swift */,
			);
			path = ScreenRegistrationView;
			sourceTree = "<group>";
		};
		04823D21281D666A00D7998C /* ScreenLogIn */ = {
			isa = PBXGroup;
			children = (
				04823D22281D66B400D7998C /* ScreenLogInCoordinator.swift */,
				04823D24281D66CC00D7998C /* ScreenLogInViewController.swift */,
			);
			path = ScreenLogIn;
			sourceTree = "<group>";
		};
/* End PBXGroup section */

/* Begin PBXNativeTarget section */
		042E9E53280C1EC900116ABE /* Hardening */ = {
			isa = PBXNativeTarget;
			buildConfigurationList = 042E9E68280C1ECA00116ABE /* Build configuration list for PBXNativeTarget "Hardening" */;
			buildPhases = (
				042E9E50280C1EC900116ABE /* Sources */,
				042E9E51280C1EC900116ABE /* Frameworks */,
				042E9E52280C1EC900116ABE /* Resources */,
			);
			buildRules = (
			);
			dependencies = (
			);
			name = Hardening;
			productName = Hardening;
			productReference = 042E9E54280C1EC900116ABE /* Hardening.app */;
			productType = "com.apple.product-type.application";
		};
/* End PBXNativeTarget section */

/* Begin PBXProject section */
		042E9E4C280C1EC900116ABE /* Project object */ = {
			isa = PBXProject;
			attributes = {
				BuildIndependentTargetsInParallel = 1;
				LastSwiftUpdateCheck = 1330;
				LastUpgradeCheck = 1330;
				TargetAttributes = {
					042E9E53280C1EC900116ABE = {
						CreatedOnToolsVersion = 13.3;
					};
				};
			};
			buildConfigurationList = 042E9E4F280C1EC900116ABE /* Build configuration list for PBXProject "Hardening" */;
			compatibilityVersion = "Xcode 13.0";
			developmentRegion = en;
			hasScannedForEncodings = 0;
			knownRegions = (
				en,
				Base,
			);
			mainGroup = 042E9E4B280C1EC900116ABE;
			productRefGroup = 042E9E55280C1EC900116ABE /* Products */;
			projectDirPath = "";
			projectRoot = "";
			targets = (
				042E9E53280C1EC900116ABE /* Hardening */,
			);
		};
/* End PBXProject section */

/* Begin PBXResourcesBuildPhase section */
		042E9E52280C1EC900116ABE /* Resources */ = {
			isa = PBXResourcesBuildPhase;
			buildActionMask = 2147483647;
			files = (
				042E9E64280C1ECA00116ABE /* LaunchScreen.storyboard in Resources */,
				042E9E61280C1ECA00116ABE /* Assets.xcassets in Resources */,
			);
			runOnlyForDeploymentPostprocessing = 0;
		};
/* End PBXResourcesBuildPhase section */

/* Begin PBXSourcesBuildPhase section */
		042E9E50280C1EC900116ABE /* Sources */ = {
			isa = PBXSourcesBuildPhase;
			buildActionMask = 2147483647;
			files = (
				043F7AB2280F2AD8007353E2 /* Model.swift in Sources */,
				043F7AAF280F2AB7007353E2 /* MainScreenView.swift in Sources */,
				042E9E5C280C1EC900116ABE /* MainScreenViewController.swift in Sources */,
				0440D29C2819807A005A7E26 /* ScreenRegistrationCoordinator.swift in Sources */,
				042E9E58280C1EC900116ABE /* AppDelegate.swift in Sources */,
				0440D2A1281980F0005A7E26 /* ScreenRegistrationView.swift in Sources */,
				042E9E5A280C1EC900116ABE /* SceneDelegate.swift in Sources */,
				04823D25281D66CC00D7998C /* ScreenLogInViewController.swift in Sources */,
				0440D29E28198090005A7E26 /* ScreenRegistrationViewController.swift in Sources */,
				04823D23281D66B400D7998C /* ScreenLogInCoordinator.swift in Sources */,
				042A01CC2816B5BD008E508E /* Protocol.swift in Sources */,
				042A01CE2816B61F008E508E /* AppCoordinator.swift in Sources */,
				042A01D02816C260008E508E /* MainScreenCoordinator.swift in Sources */,
			);
			runOnlyForDeploymentPostprocessing = 0;
		};
/* End PBXSourcesBuildPhase section */

/* Begin PBXVariantGroup section */
		042E9E62280C1ECA00116ABE /* LaunchScreen.storyboard */ = {
			isa = PBXVariantGroup;
			children = (
				042E9E63280C1ECA00116ABE /* Base */,
			);
			name = LaunchScreen.storyboard;
			sourceTree = "<group>";
		};
/* End PBXVariantGroup section */

/* Begin XCBuildConfiguration section */
		042E9E66280C1ECA00116ABE /* Debug */ = {
			isa = XCBuildConfiguration;
			buildSettings = {
				ALWAYS_SEARCH_USER_PATHS = NO;
				CLANG_ANALYZER_NONNULL = YES;
				CLANG_ANALYZER_NUMBER_OBJECT_CONVERSION = YES_AGGRESSIVE;
				CLANG_CXX_LANGUAGE_STANDARD = "gnu++17";
				CLANG_ENABLE_MODULES = YES;
				CLANG_ENABLE_OBJC_ARC = YES;
				CLANG_ENABLE_OBJC_WEAK = YES;
				CLANG_WARN_BLOCK_CAPTURE_AUTORELEASING = YES;
				CLANG_WARN_BOOL_CONVERSION = YES;
				CLANG_WARN_COMMA = YES;
				CLANG_WARN_CONSTANT_CONVERSION = YES;
				CLANG_WARN_DEPRECATED_OBJC_IMPLEMENTATIONS = YES;
				CLANG_WARN_DIRECT_OBJC_ISA_USAGE = YES_ERROR;
				CLANG_WARN_DOCUMENTATION_COMMENTS = YES;
				CLANG_WARN_EMPTY_BODY = YES;
				CLANG_WARN_ENUM_CONVERSION = YES;
				CLANG_WARN_INFINITE_RECURSION = YES;
				CLANG_WARN_INT_CONVERSION = YES;
				CLANG_WARN_NON_LITERAL_NULL_CONVERSION = YES;
				CLANG_WARN_OBJC_IMPLICIT_RETAIN_SELF = YES;
				CLANG_WARN_OBJC_LITERAL_CONVERSION = YES;
				CLANG_WARN_OBJC_ROOT_CLASS = YES_ERROR;
				CLANG_WARN_QUOTED_INCLUDE_IN_FRAMEWORK_HEADER = YES;
				CLANG_WARN_RANGE_LOOP_ANALYSIS = YES;
				CLANG_WARN_STRICT_PROTOTYPES = YES;
				CLANG_WARN_SUSPICIOUS_MOVE = YES;
				CLANG_WARN_UNGUARDED_AVAILABILITY = YES_AGGRESSIVE;
				CLANG_WARN_UNREACHABLE_CODE = YES;
				CLANG_WARN__DUPLICATE_METHOD_MATCH = YES;
				COPY_PHASE_STRIP = NO;
				DEBUG_INFORMATION_FORMAT = dwarf;
				ENABLE_STRICT_OBJC_MSGSEND = YES;
				ENABLE_TESTABILITY = YES;
				GCC_C_LANGUAGE_STANDARD = gnu11;
				GCC_DYNAMIC_NO_PIC = NO;
				GCC_NO_COMMON_BLOCKS = YES;
				GCC_OPTIMIZATION_LEVEL = 0;
				GCC_PREPROCESSOR_DEFINITIONS = (
					"DEBUG=1",
					"$(inherited)",
				);
				GCC_WARN_64_TO_32_BIT_CONVERSION = YES;
				GCC_WARN_ABOUT_RETURN_TYPE = YES_ERROR;
				GCC_WARN_UNDECLARED_SELECTOR = YES;
				GCC_WARN_UNINITIALIZED_AUTOS = YES_AGGRESSIVE;
				GCC_WARN_UNUSED_FUNCTION = YES;
				GCC_WARN_UNUSED_VARIABLE = YES;
				IPHONEOS_DEPLOYMENT_TARGET = 15.4;
				MTL_ENABLE_DEBUG_INFO = INCLUDE_SOURCE;
				MTL_FAST_MATH = YES;
				ONLY_ACTIVE_ARCH = YES;
				SDKROOT = iphoneos;
				SWIFT_ACTIVE_COMPILATION_CONDITIONS = DEBUG;
				SWIFT_OPTIMIZATION_LEVEL = "-Onone";
			};
			name = Debug;
		};
		042E9E67280C1ECA00116ABE /* Release */ = {
			isa = XCBuildConfiguration;
			buildSettings = {
				ALWAYS_SEARCH_USER_PATHS = NO;
				CLANG_ANALYZER_NONNULL = YES;
				CLANG_ANALYZER_NUMBER_OBJECT_CONVERSION = YES_AGGRESSIVE;
				CLANG_CXX_LANGUAGE_STANDARD = "gnu++17";
				CLANG_ENABLE_MODULES = YES;
				CLANG_ENABLE_OBJC_ARC = YES;
				CLANG_ENABLE_OBJC_WEAK = YES;
				CLANG_WARN_BLOCK_CAPTURE_AUTORELEASING = YES;
				CLANG_WARN_BOOL_CONVERSION = YES;
				CLANG_WARN_COMMA = YES;
				CLANG_WARN_CONSTANT_CONVERSION = YES;
				CLANG_WARN_DEPRECATED_OBJC_IMPLEMENTATIONS = YES;
				CLANG_WARN_DIRECT_OBJC_ISA_USAGE = YES_ERROR;
				CLANG_WARN_DOCUMENTATION_COMMENTS = YES;
				CLANG_WARN_EMPTY_BODY = YES;
				CLANG_WARN_ENUM_CONVERSION = YES;
				CLANG_WARN_INFINITE_RECURSION = YES;
				CLANG_WARN_INT_CONVERSION = YES;
				CLANG_WARN_NON_LITERAL_NULL_CONVERSION = YES;
				CLANG_WARN_OBJC_IMPLICIT_RETAIN_SELF = YES;
				CLANG_WARN_OBJC_LITERAL_CONVERSION = YES;
				CLANG_WARN_OBJC_ROOT_CLASS = YES_ERROR;
				CLANG_WARN_QUOTED_INCLUDE_IN_FRAMEWORK_HEADER = YES;
				CLANG_WARN_RANGE_LOOP_ANALYSIS = YES;
				CLANG_WARN_STRICT_PROTOTYPES = YES;
				CLANG_WARN_SUSPICIOUS_MOVE = YES;
				CLANG_WARN_UNGUARDED_AVAILABILITY = YES_AGGRESSIVE;
				CLANG_WARN_UNREACHABLE_CODE = YES;
				CLANG_WARN__DUPLICATE_METHOD_MATCH = YES;
				COPY_PHASE_STRIP = NO;
				DEBUG_INFORMATION_FORMAT = "dwarf-with-dsym";
				ENABLE_NS_ASSERTIONS = NO;
				ENABLE_STRICT_OBJC_MSGSEND = YES;
				GCC_C_LANGUAGE_STANDARD = gnu11;
				GCC_NO_COMMON_BLOCKS = YES;
				GCC_WARN_64_TO_32_BIT_CONVERSION = YES;
				GCC_WARN_ABOUT_RETURN_TYPE = YES_ERROR;
				GCC_WARN_UNDECLARED_SELECTOR = YES;
				GCC_WARN_UNINITIALIZED_AUTOS = YES_AGGRESSIVE;
				GCC_WARN_UNUSED_FUNCTION = YES;
				GCC_WARN_UNUSED_VARIABLE = YES;
				IPHONEOS_DEPLOYMENT_TARGET = 15.4;
				MTL_ENABLE_DEBUG_INFO = NO;
				MTL_FAST_MATH = YES;
				SDKROOT = iphoneos;
				SWIFT_COMPILATION_MODE = wholemodule;
				SWIFT_OPTIMIZATION_LEVEL = "-O";
				VALIDATE_PRODUCT = YES;
			};
			name = Release;
		};
		042E9E69280C1ECA00116ABE /* Debug */ = {
			isa = XCBuildConfiguration;
			buildSettings = {
				ASSETCATALOG_COMPILER_APPICON_NAME = AppIcon;
				ASSETCATALOG_COMPILER_GLOBAL_ACCENT_COLOR_NAME = AccentColor;
				CODE_SIGN_STYLE = Automatic;
				CURRENT_PROJECT_VERSION = 1;
				GENERATE_INFOPLIST_FILE = YES;
				INFOPLIST_FILE = Hardening/Info.plist;
				INFOPLIST_KEY_UIApplicationSupportsIndirectInputEvents = YES;
				INFOPLIST_KEY_UILaunchStoryboardName = LaunchScreen;
				INFOPLIST_KEY_UISupportedInterfaceOrientations_iPad = "UIInterfaceOrientationPortrait UIInterfaceOrientationPortraitUpsideDown UIInterfaceOrientationLandscapeLeft UIInterfaceOrientationLandscapeRight";
				INFOPLIST_KEY_UISupportedInterfaceOrientations_iPhone = "UIInterfaceOrientationPortrait UIInterfaceOrientationLandscapeLeft UIInterfaceOrientationLandscapeRight";
				LD_RUNPATH_SEARCH_PATHS = (
					"$(inherited)",
					"@executable_path/Frameworks",
				);
				MARKETING_VERSION = 1.0;
				PRODUCT_BUNDLE_IDENTIFIER = com.my.Hardening;
				PRODUCT_NAME = "$(TARGET_NAME)";
				SWIFT_EMIT_LOC_STRINGS = YES;
				SWIFT_VERSION = 5.0;
				TARGETED_DEVICE_FAMILY = "1,2";
			};
			name = Debug;
		};
		042E9E6A280C1ECA00116ABE /* Release */ = {
			isa = XCBuildConfiguration;
			buildSettings = {
				ASSETCATALOG_COMPILER_APPICON_NAME = AppIcon;
				ASSETCATALOG_COMPILER_GLOBAL_ACCENT_COLOR_NAME = AccentColor;
				CODE_SIGN_STYLE = Automatic;
				CURRENT_PROJECT_VERSION = 1;
				GENERATE_INFOPLIST_FILE = YES;
				INFOPLIST_FILE = Hardening/Info.plist;
				INFOPLIST_KEY_UIApplicationSupportsIndirectInputEvents = YES;
				INFOPLIST_KEY_UILaunchStoryboardName = LaunchScreen;
				INFOPLIST_KEY_UISupportedInterfaceOrientations_iPad = "UIInterfaceOrientationPortrait UIInterfaceOrientationPortraitUpsideDown UIInterfaceOrientationLandscapeLeft UIInterfaceOrientationLandscapeRight";
				INFOPLIST_KEY_UISupportedInterfaceOrientations_iPhone = "UIInterfaceOrientationPortrait UIInterfaceOrientationLandscapeLeft UIInterfaceOrientationLandscapeRight";
				LD_RUNPATH_SEARCH_PATHS = (
					"$(inherited)",
					"@executable_path/Frameworks",
				);
				MARKETING_VERSION = 1.0;
				PRODUCT_BUNDLE_IDENTIFIER = com.my.Hardening;
				PRODUCT_NAME = "$(TARGET_NAME)";
				SWIFT_EMIT_LOC_STRINGS = YES;
				SWIFT_VERSION = 5.0;
				TARGETED_DEVICE_FAMILY = "1,2";
			};
			name = Release;
		};
/* End XCBuildConfiguration section */

/* Begin XCConfigurationList section */
		042E9E4F280C1EC900116ABE /* Build configuration list for PBXProject "Hardening" */ = {
			isa = XCConfigurationList;
			buildConfigurations = (
				042E9E66280C1ECA00116ABE /* Debug */,
				042E9E67280C1ECA00116ABE /* Release */,
			);
			defaultConfigurationIsVisible = 0;
			defaultConfigurationName = Release;
		};
		042E9E68280C1ECA00116ABE /* Build configuration list for PBXNativeTarget "Hardening" */ = {
			isa = XCConfigurationList;
			buildConfigurations = (
				042E9E69280C1ECA00116ABE /* Debug */,
				042E9E6A280C1ECA00116ABE /* Release */,
			);
			defaultConfigurationIsVisible = 0;
			defaultConfigurationName = Release;
		};
/* End XCConfigurationList section */
	};
	rootObject = 042E9E4C280C1EC900116ABE /* Project object */;
}
